
Microsoft Visual Studio Solution File, Format Version 12.00
# Visual Studio Version 16
VisualStudioVersion = 16.0.29409.12
MinimumVisualStudioVersion = 10.0.40219.1
Project("{FAE04EC0-301F-11D3-BF4B-00C04F79EFBC}") = "CraftBot", "CraftBot\CraftBot.csproj", "{807DE6AB-AEED-4DFD-B7BE-A8B84A9B497A}"
EndProject
Global
	GlobalSection(SolutionConfigurationPlatforms) = preSolution
		Debug|Any CPU = Debug|Any CPU
		Release|Any CPU = Release|Any CPU
	EndGlobalSection
	GlobalSection(ProjectConfigurationPlatforms) = postSolution
		{807DE6AB-AEED-4DFD-B7BE-A8B84A9B497A}.Debug|Any CPU.ActiveCfg = Debug|Any CPU
		{807DE6AB-AEED-4DFD-B7BE-A8B84A9B497A}.Debug|Any CPU.Build.0 = Debug|Any CPU
		{807DE6AB-AEED-4DFD-B7BE-A8B84A9B497A}.Release|Any CPU.ActiveCfg = Release|Any CPU
		{807DE6AB-AEED-4DFD-B7BE-A8B84A9B497A}.Release|Any CPU.Build.0 = Release|Any CPU
	EndGlobalSection
	GlobalSection(SolutionProperties) = preSolution
		HideSolutionNode = FALSE
	EndGlobalSection
	GlobalSection(ExtensibilityGlobals) = postSolution
		SolutionGuid = {D3EB958B-8F3E-448A-85C7-172A2FD50670}
	EndGlobalSection
EndGlobal
